
Microsoft Visual Studio Solution File, Format Version 12.00
# Visual Studio Version 17
VisualStudioVersion = 17.1.32328.378
MinimumVisualStudioVersion = 10.0.40219.1
Project("{8BC9CEB8-8B4A-11D0-8D11-00A0C91BC942}") = "Fluid simulation", "Fluid simulation\Fluid simulation.vcxproj", "{9DA660C8-E023-4613-AB98-ACC9ACB178E4}"
EndProject
Global
	GlobalSection(SolutionConfigurationPlatforms) = preSolution
		Debug|Win32 = Debug|Win32
		Debug|x64 = Debug|x64
		Debug|x86 = Debug|x86
		Release|Win32 = Release|Win32
		Release|x64 = Release|x64
		Release|x86 = Release|x86
	EndGlobalSection
	GlobalSection(ProjectConfigurationPlatforms) = postSolution
		{9DA660C8-E023-4613-AB98-ACC9ACB178E4}.Debug|Win32.ActiveCfg = Debug|Win32
		{9DA660C8-E023-4613-AB98-ACC9ACB178E4}.Debug|Win32.Build.0 = Debug|Win32
		{9DA660C8-E023-4613-AB98-ACC9ACB178E4}.Debug|x64.ActiveCfg = Debug|x64
		{9DA660C8-E023-4613-AB98-ACC9ACB178E4}.Debug|x64.Build.0 = Debug|x64
		{9DA660C8-E023-4613-AB98-ACC9ACB178E4}.Debug|x86.ActiveCfg = Debug|Win32
		{9DA660C8-E023-4613-AB98-ACC9ACB178E4}.Debug|x86.Build.0 = Debug|Win32
		{9DA660C8-E023-4613-AB98-ACC9ACB178E4}.Release|Win32.ActiveCfg = Release|Win32
		{9DA660C8-E023-4613-AB98-ACC9ACB178E4}.Release|Win32.Build.0 = Release|Win32
		{9DA660C8-E023-4613-AB98-ACC9ACB178E4}.Release|x64.ActiveCfg = Release|x64
		{9DA660C8-E023-4613-AB98-ACC9ACB178E4}.Release|x64.Build.0 = Release|x64
		{9DA660C8-E023-4613-AB98-ACC9ACB178E4}.Release|x86.ActiveCfg = Release|Win32
		{9DA660C8-E023-4613-AB98-ACC9ACB178E4}.Release|x86.Build.0 = Release|Win32
	EndGlobalSection
	GlobalSection(SolutionProperties) = preSolution
		HideSolutionNode = FALSE
	EndGlobalSection
	GlobalSection(ExtensibilityGlobals) = postSolution
		SolutionGuid = {86FF435A-D544-42EF-B810-8DE7A5DA73A3}
	EndGlobalSection
EndGlobal
